
Microsoft Visual Studio Solution File, Format Version 12.00
# Visual Studio 15
VisualStudioVersion = 15.0.27428.2015
MinimumVisualStudioVersion = 10.0.40219.1
Project("{FAE04EC0-301F-11D3-BF4B-00C04F79EFBC}") = "DynamicEditVideo", "DynamicEditVideo\DynamicEditVideo.csproj", "{EC773A72-7767-4F66-B915-5EBAB733F896}"
EndProject
Global
	GlobalSection(SolutionConfigurationPlatforms) = preSolution
		Debug|Any CPU = Debug|Any CPU
		Release|Any CPU = Release|Any CPU
	EndGlobalSection
	GlobalSection(ProjectConfigurationPlatforms) = postSolution
		{EC773A72-7767-4F66-B915-5EBAB733F896}.Debug|Any CPU.ActiveCfg = Debug|Any CPU
		{EC773A72-7767-4F66-B915-5EBAB733F896}.Debug|Any CPU.Build.0 = Debug|Any CPU
		{EC773A72-7767-4F66-B915-5EBAB733F896}.Release|Any CPU.ActiveCfg = Release|Any CPU
		{EC773A72-7767-4F66-B915-5EBAB733F896}.Release|Any CPU.Build.0 = Release|Any CPU
	EndGlobalSection
	GlobalSection(SolutionProperties) = preSolution
		HideSolutionNode = FALSE
	EndGlobalSection
	GlobalSection(ExtensibilityGlobals) = postSolution
		SolutionGuid = {7094B56F-2DBF-45EE-A194-B88EECFD2DEB}
	EndGlobalSection
EndGlobal
